
PODS:
- SBJson (3.2)
- ViewDeck (2.2.4)
- ZXingObjC (2.1.0)

DEPENDENCIES:
- SBJson (~> 3.2)
- ViewDeck (~> 2.2.4)
- ZXingObjC (~> 2.1.0)

SPEC CHECKSUMS:
  SBJson: 4971016670e7b3fa04a36d4e72ab0fb1ad3a9f69
  ViewDeck: 995e4b8ee14382163461fa0a4ad8b607e4882cc6
  ZXingObjC: 218a8a9a705ca914872f261d41f7db2822a11da2

COCOAPODS: 0.16.4
